
Microsoft Visual Studio Solution File, Format Version 12.00
# Visual Studio Version 17
VisualStudioVersion = 17.3.32922.545
MinimumVisualStudioVersion = 10.0.40219.1
Project("{FAE04EC0-301F-11D3-BF4B-00C04F79EFBC}") = "progect", "progect\progect.csproj", "{B9DD6FCB-C1A3-4113-9FA6-1F4F1F6E25CD}"
EndProject
Global
	GlobalSection(SolutionConfigurationPlatforms) = preSolution
		Debug|Any CPU = Debug|Any CPU
		Release|Any CPU = Release|Any CPU
	EndGlobalSection
	GlobalSection(ProjectConfigurationPlatforms) = postSolution
		{B9DD6FCB-C1A3-4113-9FA6-1F4F1F6E25CD}.Debug|Any CPU.ActiveCfg = Debug|Any CPU
		{B9DD6FCB-C1A3-4113-9FA6-1F4F1F6E25CD}.Debug|Any CPU.Build.0 = Debug|Any CPU
		{B9DD6FCB-C1A3-4113-9FA6-1F4F1F6E25CD}.Release|Any CPU.ActiveCfg = Release|Any CPU
		{B9DD6FCB-C1A3-4113-9FA6-1F4F1F6E25CD}.Release|Any CPU.Build.0 = Release|Any CPU
	EndGlobalSection
	GlobalSection(SolutionProperties) = preSolution
		HideSolutionNode = FALSE
	EndGlobalSection
	GlobalSection(ExtensibilityGlobals) = postSolution
		SolutionGuid = {CFCF6C8F-6D26-4FAB-81F7-FB633A2365FD}
	EndGlobalSection
EndGlobal
